{
	"name": "@text-plugins/plugin-manager",
	"version": "1.0.0",
	"lockfileVersion": 2,
	"requires": true,
	"packages": {
		"": {
			"name": "@text-plugins/plugin-manager",
			"version": "1.0.0",
			"license": "SEE LICENSE IN LICENSE",
			"dependencies": {
				"require-module": "^0.1.0"
			}
		},
		"node_modules/require-module": {
			"version": "0.1.0",
			"resolved": "https://registry.npmjs.org/require-module/-/require-module-0.1.0.tgz",
			"integrity": "sha1-YwfrWsHYJZQmoiUVdTZWGOGRUT4=",
			"dependencies": {
				"resolve": "~0.6.1"
			}
		},
		"node_modules/resolve": {
			"version": "0.6.3",
			"resolved": "https://registry.npmjs.org/resolve/-/resolve-0.6.3.tgz",
			"integrity": "sha1-3ZV5gufnNt699TtYpN2RdUV13UY="
		}
	},
	"dependencies": {
		"require-module": {
			"version": "0.1.0",
			"resolved": "https://registry.npmjs.org/require-module/-/require-module-0.1.0.tgz",
			"integrity": "sha1-YwfrWsHYJZQmoiUVdTZWGOGRUT4=",
			"requires": {
				"resolve": "~0.6.1"
			}
		},
		"resolve": {
			"version": "0.6.3",
			"resolved": "https://registry.npmjs.org/resolve/-/resolve-0.6.3.tgz",
			"integrity": "sha1-3ZV5gufnNt699TtYpN2RdUV13UY="
		}
	}
}
